// !$*UTF8*$!
{
	archiveVersion = 1;
	classes = {
	};
	objectVersion = 51;
	objects = {

/* Begin PBXBuildFile section */
		15405EB78F67C53150686E29 /* CategoryConfigurator.swift in Sources */ = {isa = PBXBuildFile; fileRef = 3683C0D13760F1CD327E7A78 /* CategoryConfigurator.swift */; };
		1668978E0DBAB7D71BFE3485 /* Pods_OpenTrivia.framework in Frameworks */ = {isa = PBXBuildFile; fileRef = C468F7475596B922DB7E4CA9 /* Pods_OpenTrivia.framework */; };
		2A9D7A91CC9FC65EFA51C270 /* GameInteractor.swift in Sources */ = {isa = PBXBuildFile; fileRef = 0E116CBE740470214253D681 /* GameInteractor.swift */; };
		318123CD88D90080D4117BD5 /* GameModuleInput.swift in Sources */ = {isa = PBXBuildFile; fileRef = DC8528C2519EE6215A14FEB0 /* GameModuleInput.swift */; };
		39911A9E1D494DA8BDFDB0E1 /* GameInteractorOutput.swift in Sources */ = {isa = PBXBuildFile; fileRef = 159606FFBE9E8D88C5D084BB /* GameInteractorOutput.swift */; };
		47BC85237A69C7014ADD84C8 /* GameViewInput.swift in Sources */ = {isa = PBXBuildFile; fileRef = C42B0742F173AEE82AF94D1B /* GameViewInput.swift */; };
		47CFC3E8DCD9748865C6719D /* GameRouter.swift in Sources */ = {isa = PBXBuildFile; fileRef = D1EB2A028DAD416F2A91F5DB /* GameRouter.swift */; };
		47F9E1962E1E844CAE134115 /* GameViewController.swift in Sources */ = {isa = PBXBuildFile; fileRef = 0766B61926AA903524273C21 /* GameViewController.swift */; };
		4C89DF8BB43743A77C15A14D /* GameRouterInput.swift in Sources */ = {isa = PBXBuildFile; fileRef = 1FDBE30E424612F730571BD5 /* GameRouterInput.swift */; };
		4D44CDB94BD90B94B0CEF88D /* CategoryPresenterTests.swift in Sources */ = {isa = PBXBuildFile; fileRef = 02F95BE171F47C4A154162B7 /* CategoryPresenterTests.swift */; };
		5045D8372396F78F003C28A9 /* CategoryResponseModel.swift in Sources */ = {isa = PBXBuildFile; fileRef = 5045D8362396F78F003C28A9 /* CategoryResponseModel.swift */; };
		5045D875239704C1003C28A9 /* SceneDelegate.swift in Sources */ = {isa = PBXBuildFile; fileRef = 5045D874239704C1003C28A9 /* SceneDelegate.swift */; };
		504B1FBF2395ABF300372D17 /* APIClient.swift in Sources */ = {isa = PBXBuildFile; fileRef = 504B1FBE2395ABF300372D17 /* APIClient.swift */; };
		504B1FC12395AC1E00372D17 /* APIRouter.swift in Sources */ = {isa = PBXBuildFile; fileRef = 504B1FC02395AC1E00372D17 /* APIRouter.swift */; };
		504B1FC32395AE0700372D17 /* ResponseSerializer.swift in Sources */ = {isa = PBXBuildFile; fileRef = 504B1FC22395AE0700372D17 /* ResponseSerializer.swift */; };
		504B1FC72395B4D200372D17 /* README.md in Resources */ = {isa = PBXBuildFile; fileRef = 504B1FC62395B4D200372D17 /* README.md */; };
		5051574F2395915F00E80D6E /* AppDelegate.swift in Sources */ = {isa = PBXBuildFile; fileRef = 5051574E2395915F00E80D6E /* AppDelegate.swift */; };
		505157582395916200E80D6E /* Assets.xcassets in Resources */ = {isa = PBXBuildFile; fileRef = 505157572395916200E80D6E /* Assets.xcassets */; };
		5051575B2395916200E80D6E /* LaunchScreen.storyboard in Resources */ = {isa = PBXBuildFile; fileRef = 505157592395916200E80D6E /* LaunchScreen.storyboard */; };
		505157662395916200E80D6E /* OpenTriviaTests.swift in Sources */ = {isa = PBXBuildFile; fileRef = 505157652395916200E80D6E /* OpenTriviaTests.swift */; };
		505157712395916200E80D6E /* OpenTriviaUITests.swift in Sources */ = {isa = PBXBuildFile; fileRef = 505157702395916200E80D6E /* OpenTriviaUITests.swift */; };
		505157822395925B00E80D6E /* ApplicationContract.swift in Sources */ = {isa = PBXBuildFile; fileRef = 505157812395925B00E80D6E /* ApplicationContract.swift */; };
		505157872395931400E80D6E /* BaseViewController.swift in Sources */ = {isa = PBXBuildFile; fileRef = 505157862395931400E80D6E /* BaseViewController.swift */; };
		505157892395933100E80D6E /* BaseButton.swift in Sources */ = {isa = PBXBuildFile; fileRef = 505157882395933100E80D6E /* BaseButton.swift */; };
		5051578C2395936B00E80D6E /* Environment.swift in Sources */ = {isa = PBXBuildFile; fileRef = 5051578B2395936B00E80D6E /* Environment.swift */; };
		5051578F239594C000E80D6E /* UIViewController.swift in Sources */ = {isa = PBXBuildFile; fileRef = 5051578E239594C000E80D6E /* UIViewController.swift */; };
		50515791239594DA00E80D6E /* UIView.swift in Sources */ = {isa = PBXBuildFile; fileRef = 50515790239594DA00E80D6E /* UIView.swift */; };
		50515793239594ED00E80D6E /* UITableView.swift in Sources */ = {isa = PBXBuildFile; fileRef = 50515792239594ED00E80D6E /* UITableView.swift */; };
		50B4271523985446006C2F3E /* Game.storyboard in Resources */ = {isa = PBXBuildFile; fileRef = 50B4271423985446006C2F3E /* Game.storyboard */; };
		5656D5A71B2B875BECDD2D01 /* CategoryConfiguratorTests.swift in Sources */ = {isa = PBXBuildFile; fileRef = EA594C1E7E2FA39C35A75502 /* CategoryConfiguratorTests.swift */; };
		6FB39875FE12E2184DBFA8EE /* CategoryRouterTests.swift in Sources */ = {isa = PBXBuildFile; fileRef = BE1C1AA941F1F806DF074A91 /* CategoryRouterTests.swift */; };
		70C4C6C66823B6537D0D31DF /* GameInteractorInput.swift in Sources */ = {isa = PBXBuildFile; fileRef = 6737A3708CC7055E164FF922 /* GameInteractorInput.swift */; };
		7A75363985866D51508B1544 /* CategoryViewTests.swift in Sources */ = {isa = PBXBuildFile; fileRef = 8F5E76F6BDF329C57E2EB311 /* CategoryViewTests.swift */; };
		847CF0F7239802B100C4700D /* QuestionCell.swift in Sources */ = {isa = PBXBuildFile; fileRef = 847CF0F5239802B100C4700D /* QuestionCell.swift */; };
		847CF0F8239802B100C4700D /* QuestionCell.xib in Resources */ = {isa = PBXBuildFile; fileRef = 847CF0F6239802B100C4700D /* QuestionCell.xib */; };
		847CF0FA239803E800C4700D /* QuestionResponse.swift in Sources */ = {isa = PBXBuildFile; fileRef = 847CF0F9239803E800C4700D /* QuestionResponse.swift */; };
		847CF0FC2398044000C4700D /* Question.swift in Sources */ = {isa = PBXBuildFile; fileRef = 847CF0FB2398044000C4700D /* Question.swift */; };
		847CF0FE2398090A00C4700D /* GameViewModel.swift in Sources */ = {isa = PBXBuildFile; fileRef = 847CF0FD2398090A00C4700D /* GameViewModel.swift */; };
		847CF10023980D7C00C4700D /* PlayersInfo.swift in Sources */ = {isa = PBXBuildFile; fileRef = 847CF0FF23980D7C00C4700D /* PlayersInfo.swift */; };
		847CF102239810C800C4700D /* UITableViewCell.swift in Sources */ = {isa = PBXBuildFile; fileRef = 847CF101239810C800C4700D /* UITableViewCell.swift */; };
		847CF1052398115500C4700D /* PlayersInfoCell.swift in Sources */ = {isa = PBXBuildFile; fileRef = 847CF1032398115500C4700D /* PlayersInfoCell.swift */; };
		847CF1062398115500C4700D /* PlayersInfoCell.xib in Resources */ = {isa = PBXBuildFile; fileRef = 847CF1042398115500C4700D /* PlayersInfoCell.xib */; };
		847CF1092398127600C4700D /* AnswerCell.swift in Sources */ = {isa = PBXBuildFile; fileRef = 847CF1072398127600C4700D /* AnswerCell.swift */; };
		847CF10A2398127600C4700D /* AnswerCell.xib in Resources */ = {isa = PBXBuildFile; fileRef = 847CF1082398127600C4700D /* AnswerCell.xib */; };
		847CF10D23982BD600C4700D /* QuestionsService.swift in Sources */ = {isa = PBXBuildFile; fileRef = 847CF10C23982BD600C4700D /* QuestionsService.swift */; };
		847CF10F239836EE00C4700D /* GameResultViewController.swift in Sources */ = {isa = PBXBuildFile; fileRef = 847CF10E239836EE00C4700D /* GameResultViewController.swift */; };
		847CF11123983F5E00C4700D /* WelcomeViewController.swift in Sources */ = {isa = PBXBuildFile; fileRef = 847CF11023983F5E00C4700D /* WelcomeViewController.swift */; };
		847CF11323997A1500C4700D /* String.swift in Sources */ = {isa = PBXBuildFile; fileRef = 847CF11223997A1400C4700D /* String.swift */; };
		847CF11523997CCE00C4700D /* MDCButton.swift in Sources */ = {isa = PBXBuildFile; fileRef = 847CF11423997CCE00C4700D /* MDCButton.swift */; };
		87BC200BA17C9339BE83DA3A /* CategoryInteractorTests.swift in Sources */ = {isa = PBXBuildFile; fileRef = 53D4C44F4A31DA84566CAEBB /* CategoryInteractorTests.swift */; };
		A90E1A407F997265E9F2BB38 /* GamePresenter.swift in Sources */ = {isa = PBXBuildFile; fileRef = B994F75136A2152C3C0DF5B0 /* GamePresenter.swift */; };
		B6EE4AF39B3721054FE2E681 /* Pods_OpenTriviaTests.framework in Frameworks */ = {isa = PBXBuildFile; fileRef = 30408517AE633F0E0AF7D023 /* Pods_OpenTriviaTests.framework */; };
		BA68F115A1885BB1B07C5DC0 /* GameViewOutput.swift in Sources */ = {isa = PBXBuildFile; fileRef = 108D1676FDE0DD72A6D1C511 /* GameViewOutput.swift */; };
		F9FB10D2922526C7CB3088F0 /* CategoryInitializer.swift in Sources */ = {isa = PBXBuildFile; fileRef = 013C7354B62BE800288BD299 /* CategoryInitializer.swift */; };
		FD7B409FE849EEB730D0A558 /* Pods_OpenTrivia_OpenTriviaUITests.framework in Frameworks */ = {isa = PBXBuildFile; fileRef = EAC8ECF21850106D43299889 /* Pods_OpenTrivia_OpenTriviaUITests.framework */; };
/* End PBXBuildFile section */

/* Begin PBXContainerItemProxy section */
		505157622395916200E80D6E /* PBXContainerItemProxy */ = {
			isa = PBXContainerItemProxy;
			containerPortal = 505157432395915F00E80D6E /* Project object */;
			proxyType = 1;
			remoteGlobalIDString = 5051574A2395915F00E80D6E;
			remoteInfo = OpenTrivia;
		};
		5051576D2395916200E80D6E /* PBXContainerItemProxy */ = {
			isa = PBXContainerItemProxy;
			containerPortal = 505157432395915F00E80D6E /* Project object */;
			proxyType = 1;
			remoteGlobalIDString = 5051574A2395915F00E80D6E;
			remoteInfo = OpenTrivia;
		};
/* End PBXContainerItemProxy section */

/* Begin PBXFileReference section */
		013C7354B62BE800288BD299 /* CategoryInitializer.swift */ = {isa = PBXFileReference; includeInIndex = 1; lastKnownFileType = sourcecode.swift; path = CategoryInitializer.swift; sourceTree = "<group>"; };
		02F95BE171F47C4A154162B7 /* CategoryPresenterTests.swift */ = {isa = PBXFileReference; includeInIndex = 1; lastKnownFileType = sourcecode.swift; path = CategoryPresenterTests.swift; sourceTree = "<group>"; };
		0766B61926AA903524273C21 /* GameViewController.swift */ = {isa = PBXFileReference; includeInIndex = 1; lastKnownFileType = sourcecode.swift; path = GameViewController.swift; sourceTree = "<group>"; };
		0E116CBE740470214253D681 /* GameInteractor.swift */ = {isa = PBXFileReference; includeInIndex = 1; lastKnownFileType = sourcecode.swift; path = GameInteractor.swift; sourceTree = "<group>"; };
		108D1676FDE0DD72A6D1C511 /* GameViewOutput.swift */ = {isa = PBXFileReference; includeInIndex = 1; lastKnownFileType = sourcecode.swift; path = GameViewOutput.swift; sourceTree = "<group>"; };
		159606FFBE9E8D88C5D084BB /* GameInteractorOutput.swift */ = {isa = PBXFileReference; includeInIndex = 1; lastKnownFileType = sourcecode.swift; path = GameInteractorOutput.swift; sourceTree = "<group>"; };
		1AB7B8FC836C99AD6E4717C7 /* Pods-OpenTriviaTests.release.xcconfig */ = {isa = PBXFileReference; includeInIndex = 1; lastKnownFileType = text.xcconfig; name = "Pods-OpenTriviaTests.release.xcconfig"; path = "Target Support Files/Pods-OpenTriviaTests/Pods-OpenTriviaTests.release.xcconfig"; sourceTree = "<group>"; };
		1FDBE30E424612F730571BD5 /* GameRouterInput.swift */ = {isa = PBXFileReference; includeInIndex = 1; lastKnownFileType = sourcecode.swift; path = GameRouterInput.swift; sourceTree = "<group>"; };
		30408517AE633F0E0AF7D023 /* Pods_OpenTriviaTests.framework */ = {isa = PBXFileReference; explicitFileType = wrapper.framework; includeInIndex = 0; path = Pods_OpenTriviaTests.framework; sourceTree = BUILT_PRODUCTS_DIR; };
		31D61E860068089747C5B450 /* Pods-OpenTrivia.release.xcconfig */ = {isa = PBXFileReference; includeInIndex = 1; lastKnownFileType = text.xcconfig; name = "Pods-OpenTrivia.release.xcconfig"; path = "Target Support Files/Pods-OpenTrivia/Pods-OpenTrivia.release.xcconfig"; sourceTree = "<group>"; };
		3683C0D13760F1CD327E7A78 /* CategoryConfigurator.swift */ = {isa = PBXFileReference; includeInIndex = 1; lastKnownFileType = sourcecode.swift; path = CategoryConfigurator.swift; sourceTree = "<group>"; };
		411191384767B1FCEE3CECD6 /* Pods-OpenTrivia-OpenTriviaUITests.release.xcconfig */ = {isa = PBXFileReference; includeInIndex = 1; lastKnownFileType = text.xcconfig; name = "Pods-OpenTrivia-OpenTriviaUITests.release.xcconfig"; path = "Target Support Files/Pods-OpenTrivia-OpenTriviaUITests/Pods-OpenTrivia-OpenTriviaUITests.release.xcconfig"; sourceTree = "<group>"; };
		5045D8362396F78F003C28A9 /* CategoryResponseModel.swift */ = {isa = PBXFileReference; lastKnownFileType = sourcecode.swift; path = CategoryResponseModel.swift; sourceTree = "<group>"; };
		5045D874239704C1003C28A9 /* SceneDelegate.swift */ = {isa = PBXFileReference; lastKnownFileType = sourcecode.swift; path = SceneDelegate.swift; sourceTree = "<group>"; };
		504B1FBE2395ABF300372D17 /* APIClient.swift */ = {isa = PBXFileReference; lastKnownFileType = sourcecode.swift; path = APIClient.swift; sourceTree = "<group>"; };
		504B1FC02395AC1E00372D17 /* APIRouter.swift */ = {isa = PBXFileReference; lastKnownFileType = sourcecode.swift; path = APIRouter.swift; sourceTree = "<group>"; };
		504B1FC22395AE0700372D17 /* ResponseSerializer.swift */ = {isa = PBXFileReference; lastKnownFileType = sourcecode.swift; path = ResponseSerializer.swift; sourceTree = "<group>"; };
		504B1FC62395B4D200372D17 /* README.md */ = {isa = PBXFileReference; fileEncoding = 4; lastKnownFileType = net.daringfireball.markdown; path = README.md; sourceTree = "<group>"; };
		5051574B2395915F00E80D6E /* OpenTrivia.app */ = {isa = PBXFileReference; explicitFileType = wrapper.application; includeInIndex = 0; path = OpenTrivia.app; sourceTree = BUILT_PRODUCTS_DIR; };
		5051574E2395915F00E80D6E /* AppDelegate.swift */ = {isa = PBXFileReference; lastKnownFileType = sourcecode.swift; name = AppDelegate.swift; path = ../../AppDelegate.swift; sourceTree = "<group>"; };
		505157572395916200E80D6E /* Assets.xcassets */ = {isa = PBXFileReference; lastKnownFileType = folder.assetcatalog; path = Assets.xcassets; sourceTree = "<group>"; };
		5051575A2395916200E80D6E /* Base */ = {isa = PBXFileReference; lastKnownFileType = file.storyboard; name = Base; path = Base.lproj/LaunchScreen.storyboard; sourceTree = "<group>"; };
		5051575C2395916200E80D6E /* Info.plist */ = {isa = PBXFileReference; lastKnownFileType = text.plist.xml; path = Info.plist; sourceTree = "<group>"; };
		505157612395916200E80D6E /* OpenTriviaTests.xctest */ = {isa = PBXFileReference; explicitFileType = wrapper.cfbundle; includeInIndex = 0; path = OpenTriviaTests.xctest; sourceTree = BUILT_PRODUCTS_DIR; };
		505157652395916200E80D6E /* OpenTriviaTests.swift */ = {isa = PBXFileReference; lastKnownFileType = sourcecode.swift; path = OpenTriviaTests.swift; sourceTree = "<group>"; };
		505157672395916200E80D6E /* Info.plist */ = {isa = PBXFileReference; lastKnownFileType = text.plist.xml; path = Info.plist; sourceTree = "<group>"; };
		5051576C2395916200E80D6E /* OpenTriviaUITests.xctest */ = {isa = PBXFileReference; explicitFileType = wrapper.cfbundle; includeInIndex = 0; path = OpenTriviaUITests.xctest; sourceTree = BUILT_PRODUCTS_DIR; };
		505157702395916200E80D6E /* OpenTriviaUITests.swift */ = {isa = PBXFileReference; lastKnownFileType = sourcecode.swift; path = OpenTriviaUITests.swift; sourceTree = "<group>"; };
		505157722395916200E80D6E /* Info.plist */ = {isa = PBXFileReference; lastKnownFileType = text.plist.xml; path = Info.plist; sourceTree = "<group>"; };
		505157812395925B00E80D6E /* ApplicationContract.swift */ = {isa = PBXFileReference; lastKnownFileType = sourcecode.swift; path = ApplicationContract.swift; sourceTree = "<group>"; };
		505157862395931400E80D6E /* BaseViewController.swift */ = {isa = PBXFileReference; lastKnownFileType = sourcecode.swift; path = BaseViewController.swift; sourceTree = "<group>"; };
		505157882395933100E80D6E /* BaseButton.swift */ = {isa = PBXFileReference; lastKnownFileType = sourcecode.swift; path = BaseButton.swift; sourceTree = "<group>"; };
		5051578B2395936B00E80D6E /* Environment.swift */ = {isa = PBXFileReference; lastKnownFileType = sourcecode.swift; path = Environment.swift; sourceTree = "<group>"; };
		5051578E239594C000E80D6E /* UIViewController.swift */ = {isa = PBXFileReference; lastKnownFileType = sourcecode.swift; path = UIViewController.swift; sourceTree = "<group>"; };
		50515790239594DA00E80D6E /* UIView.swift */ = {isa = PBXFileReference; lastKnownFileType = sourcecode.swift; path = UIView.swift; sourceTree = "<group>"; };
		50515792239594ED00E80D6E /* UITableView.swift */ = {isa = PBXFileReference; lastKnownFileType = sourcecode.swift; path = UITableView.swift; sourceTree = "<group>"; };
		50B4271423985446006C2F3E /* Game.storyboard */ = {isa = PBXFileReference; fileEncoding = 4; lastKnownFileType = file.storyboard; path = Game.storyboard; sourceTree = "<group>"; };
		53D4C44F4A31DA84566CAEBB /* CategoryInteractorTests.swift */ = {isa = PBXFileReference; includeInIndex = 1; lastKnownFileType = sourcecode.swift; path = CategoryInteractorTests.swift; sourceTree = "<group>"; };
		6737A3708CC7055E164FF922 /* GameInteractorInput.swift */ = {isa = PBXFileReference; includeInIndex = 1; lastKnownFileType = sourcecode.swift; path = GameInteractorInput.swift; sourceTree = "<group>"; };
		847CF0F5239802B100C4700D /* QuestionCell.swift */ = {isa = PBXFileReference; lastKnownFileType = sourcecode.swift; path = QuestionCell.swift; sourceTree = "<group>"; };
		847CF0F6239802B100C4700D /* QuestionCell.xib */ = {isa = PBXFileReference; lastKnownFileType = file.xib; path = QuestionCell.xib; sourceTree = "<group>"; };
		847CF0F9239803E800C4700D /* QuestionResponse.swift */ = {isa = PBXFileReference; lastKnownFileType = sourcecode.swift; path = QuestionResponse.swift; sourceTree = "<group>"; };
		847CF0FB2398044000C4700D /* Question.swift */ = {isa = PBXFileReference; lastKnownFileType = sourcecode.swift; path = Question.swift; sourceTree = "<group>"; };
		847CF0FD2398090A00C4700D /* GameViewModel.swift */ = {isa = PBXFileReference; lastKnownFileType = sourcecode.swift; path = GameViewModel.swift; sourceTree = "<group>"; };
		847CF0FF23980D7C00C4700D /* PlayersInfo.swift */ = {isa = PBXFileReference; lastKnownFileType = sourcecode.swift; path = PlayersInfo.swift; sourceTree = "<group>"; };
		847CF101239810C800C4700D /* UITableViewCell.swift */ = {isa = PBXFileReference; lastKnownFileType = sourcecode.swift; path = UITableViewCell.swift; sourceTree = "<group>"; };
		847CF1032398115500C4700D /* PlayersInfoCell.swift */ = {isa = PBXFileReference; lastKnownFileType = sourcecode.swift; path = PlayersInfoCell.swift; sourceTree = "<group>"; };
		847CF1042398115500C4700D /* PlayersInfoCell.xib */ = {isa = PBXFileReference; lastKnownFileType = file.xib; path = PlayersInfoCell.xib; sourceTree = "<group>"; };
		847CF1072398127600C4700D /* AnswerCell.swift */ = {isa = PBXFileReference; lastKnownFileType = sourcecode.swift; path = AnswerCell.swift; sourceTree = "<group>"; };
		847CF1082398127600C4700D /* AnswerCell.xib */ = {isa = PBXFileReference; lastKnownFileType = file.xib; path = AnswerCell.xib; sourceTree = "<group>"; };
		847CF10C23982BD600C4700D /* QuestionsService.swift */ = {isa = PBXFileReference; lastKnownFileType = sourcecode.swift; path = QuestionsService.swift; sourceTree = "<group>"; };
		847CF10E239836EE00C4700D /* GameResultViewController.swift */ = {isa = PBXFileReference; lastKnownFileType = sourcecode.swift; path = GameResultViewController.swift; sourceTree = "<group>"; };
		847CF11023983F5E00C4700D /* WelcomeViewController.swift */ = {isa = PBXFileReference; lastKnownFileType = sourcecode.swift; path = WelcomeViewController.swift; sourceTree = "<group>"; };
		847CF11223997A1400C4700D /* String.swift */ = {isa = PBXFileReference; lastKnownFileType = sourcecode.swift; path = String.swift; sourceTree = "<group>"; };
		847CF11423997CCE00C4700D /* MDCButton.swift */ = {isa = PBXFileReference; lastKnownFileType = sourcecode.swift; path = MDCButton.swift; sourceTree = "<group>"; };
		861AA82D4471D414C62F24F9 /* Pods-OpenTrivia.debug.xcconfig */ = {isa = PBXFileReference; includeInIndex = 1; lastKnownFileType = text.xcconfig; name = "Pods-OpenTrivia.debug.xcconfig"; path = "Target Support Files/Pods-OpenTrivia/Pods-OpenTrivia.debug.xcconfig"; sourceTree = "<group>"; };
		8F5E76F6BDF329C57E2EB311 /* CategoryViewTests.swift */ = {isa = PBXFileReference; includeInIndex = 1; lastKnownFileType = sourcecode.swift; path = CategoryViewTests.swift; sourceTree = "<group>"; };
		B7A148618C85DC5F0A8066B2 /* Pods-OpenTrivia-OpenTriviaUITests.debug.xcconfig */ = {isa = PBXFileReference; includeInIndex = 1; lastKnownFileType = text.xcconfig; name = "Pods-OpenTrivia-OpenTriviaUITests.debug.xcconfig"; path = "Target Support Files/Pods-OpenTrivia-OpenTriviaUITests/Pods-OpenTrivia-OpenTriviaUITests.debug.xcconfig"; sourceTree = "<group>"; };
		B994F75136A2152C3C0DF5B0 /* GamePresenter.swift */ = {isa = PBXFileReference; includeInIndex = 1; lastKnownFileType = sourcecode.swift; path = GamePresenter.swift; sourceTree = "<group>"; };
		BE1C1AA941F1F806DF074A91 /* CategoryRouterTests.swift */ = {isa = PBXFileReference; includeInIndex = 1; lastKnownFileType = sourcecode.swift; path = CategoryRouterTests.swift; sourceTree = "<group>"; };
		C42B0742F173AEE82AF94D1B /* GameViewInput.swift */ = {isa = PBXFileReference; includeInIndex = 1; lastKnownFileType = sourcecode.swift; path = GameViewInput.swift; sourceTree = "<group>"; };
		C468F7475596B922DB7E4CA9 /* Pods_OpenTrivia.framework */ = {isa = PBXFileReference; explicitFileType = wrapper.framework; includeInIndex = 0; path = Pods_OpenTrivia.framework; sourceTree = BUILT_PRODUCTS_DIR; };
		D1EB2A028DAD416F2A91F5DB /* GameRouter.swift */ = {isa = PBXFileReference; includeInIndex = 1; lastKnownFileType = sourcecode.swift; path = GameRouter.swift; sourceTree = "<group>"; };
		DA44A4F4C06A4428D84341FA /* Pods-OpenTriviaTests.debug.xcconfig */ = {isa = PBXFileReference; includeInIndex = 1; lastKnownFileType = text.xcconfig; name = "Pods-OpenTriviaTests.debug.xcconfig"; path = "Target Support Files/Pods-OpenTriviaTests/Pods-OpenTriviaTests.debug.xcconfig"; sourceTree = "<group>"; };
		DC8528C2519EE6215A14FEB0 /* GameModuleInput.swift */ = {isa = PBXFileReference; includeInIndex = 1; lastKnownFileType = sourcecode.swift; path = GameModuleInput.swift; sourceTree = "<group>"; };
		EA594C1E7E2FA39C35A75502 /* CategoryConfiguratorTests.swift */ = {isa = PBXFileReference; includeInIndex = 1; lastKnownFileType = sourcecode.swift; path = CategoryConfiguratorTests.swift; sourceTree = "<group>"; };
		EAC8ECF21850106D43299889 /* Pods_OpenTrivia_OpenTriviaUITests.framework */ = {isa = PBXFileReference; explicitFileType = wrapper.framework; includeInIndex = 0; path = Pods_OpenTrivia_OpenTriviaUITests.framework; sourceTree = BUILT_PRODUCTS_DIR; };
/* End PBXFileReference section */

/* Begin PBXFrameworksBuildPhase section */
		505157482395915F00E80D6E /* Frameworks */ = {
			isa = PBXFrameworksBuildPhase;
			buildActionMask = 2147483647;
			files = (
				1668978E0DBAB7D71BFE3485 /* Pods_OpenTrivia.framework in Frameworks */,
			);
			runOnlyForDeploymentPostprocessing = 0;
		};
		5051575E2395916200E80D6E /* Frameworks */ = {
			isa = PBXFrameworksBuildPhase;
			buildActionMask = 2147483647;
			files = (
				B6EE4AF39B3721054FE2E681 /* Pods_OpenTriviaTests.framework in Frameworks */,
			);
			runOnlyForDeploymentPostprocessing = 0;
		};
		505157692395916200E80D6E /* Frameworks */ = {
			isa = PBXFrameworksBuildPhase;
			buildActionMask = 2147483647;
			files = (
				FD7B409FE849EEB730D0A558 /* Pods_OpenTrivia_OpenTriviaUITests.framework in Frameworks */,
			);
			runOnlyForDeploymentPostprocessing = 0;
		};
/* End PBXFrameworksBuildPhase section */

/* Begin PBXGroup section */
		057A8102ECDD04A2E6004BD0 /* Game */ = {
			isa = PBXGroup;
			children = (
				5045D8352396F764003C28A9 /* Entity */,
				F5D6F1D5F5FFD79D731F674D /* Configurator */,
				32AB4D987516A06C80D576A9 /* Interactor */,
				2C119CE14B5528701D16CCD3 /* Presenter */,
				463574D484818C76AA734924 /* Router */,
				8DC3F8F5A33CCDF01F0F1A60 /* View */,
			);
			path = Game;
			sourceTree = "<group>";
		};
		1F99B198FC1FAD489642F471 /* Interactor */ = {
			isa = PBXGroup;
			children = (
				53D4C44F4A31DA84566CAEBB /* CategoryInteractorTests.swift */,
			);
			path = Interactor;
			sourceTree = "<group>";
		};
		20C743FCD46A348BA2ABB1E5 /* Frameworks */ = {
			isa = PBXGroup;
			children = (
				C468F7475596B922DB7E4CA9 /* Pods_OpenTrivia.framework */,
				EAC8ECF21850106D43299889 /* Pods_OpenTrivia_OpenTriviaUITests.framework */,
				30408517AE633F0E0AF7D023 /* Pods_OpenTriviaTests.framework */,
			);
			name = Frameworks;
			sourceTree = "<group>";
		};
		29D73A63CD90F8DACEF05396 /* View */ = {
			isa = PBXGroup;
			children = (
				8F5E76F6BDF329C57E2EB311 /* CategoryViewTests.swift */,
			);
			path = View;
			sourceTree = "<group>";
		};
		2C119CE14B5528701D16CCD3 /* Presenter */ = {
			isa = PBXGroup;
			children = (
				DC8528C2519EE6215A14FEB0 /* GameModuleInput.swift */,
				B994F75136A2152C3C0DF5B0 /* GamePresenter.swift */,
			);
			path = Presenter;
			sourceTree = "<group>";
		};
		32AB4D987516A06C80D576A9 /* Interactor */ = {
			isa = PBXGroup;
			children = (
				6737A3708CC7055E164FF922 /* GameInteractorInput.swift */,
				159606FFBE9E8D88C5D084BB /* GameInteractorOutput.swift */,
				0E116CBE740470214253D681 /* GameInteractor.swift */,
			);
			path = Interactor;
			sourceTree = "<group>";
		};
		378DB12FA81595FA16B51795 /* Presenter */ = {
			isa = PBXGroup;
			children = (
				02F95BE171F47C4A154162B7 /* CategoryPresenterTests.swift */,
			);
			path = Presenter;
			sourceTree = "<group>";
		};
		463574D484818C76AA734924 /* Router */ = {
			isa = PBXGroup;
			children = (
				1FDBE30E424612F730571BD5 /* GameRouterInput.swift */,
				D1EB2A028DAD416F2A91F5DB /* GameRouter.swift */,
			);
			path = Router;
			sourceTree = "<group>";
		};
		46CC6626F9B0BD77FADBE5EF /* Pods */ = {
			isa = PBXGroup;
			children = (
				861AA82D4471D414C62F24F9 /* Pods-OpenTrivia.debug.xcconfig */,
				31D61E860068089747C5B450 /* Pods-OpenTrivia.release.xcconfig */,
				B7A148618C85DC5F0A8066B2 /* Pods-OpenTrivia-OpenTriviaUITests.debug.xcconfig */,
				411191384767B1FCEE3CECD6 /* Pods-OpenTrivia-OpenTriviaUITests.release.xcconfig */,
				DA44A4F4C06A4428D84341FA /* Pods-OpenTriviaTests.debug.xcconfig */,
				1AB7B8FC836C99AD6E4717C7 /* Pods-OpenTriviaTests.release.xcconfig */,
			);
			path = Pods;
			sourceTree = "<group>";
		};
		5045D8352396F764003C28A9 /* Entity */ = {
			isa = PBXGroup;
			children = (
				5045D8362396F78F003C28A9 /* CategoryResponseModel.swift */,
				847CF0F9239803E800C4700D /* QuestionResponse.swift */,
				847CF0FB2398044000C4700D /* Question.swift */,
				847CF0FF23980D7C00C4700D /* PlayersInfo.swift */,
			);
			path = Entity;
			sourceTree = "<group>";
		};
		505157422395915F00E80D6E = {
			isa = PBXGroup;
			children = (
				504B1FC62395B4D200372D17 /* README.md */,
				5051574D2395915F00E80D6E /* OpenTrivia */,
				505157642395916200E80D6E /* OpenTriviaTests */,
				5051576F2395916200E80D6E /* OpenTriviaUITests */,
				5051574C2395915F00E80D6E /* Products */,
				46CC6626F9B0BD77FADBE5EF /* Pods */,
				20C743FCD46A348BA2ABB1E5 /* Frameworks */,
			);
			sourceTree = "<group>";
		};
		5051574C2395915F00E80D6E /* Products */ = {
			isa = PBXGroup;
			children = (
				5051574B2395915F00E80D6E /* OpenTrivia.app */,
				505157612395916200E80D6E /* OpenTriviaTests.xctest */,
				5051576C2395916200E80D6E /* OpenTriviaUITests.xctest */,
			);
			name = Products;
			sourceTree = "<group>";
		};
		5051574D2395915F00E80D6E /* OpenTrivia */ = {
			isa = PBXGroup;
			children = (
				5051577E2395922400E80D6E /* Application */,
				505157572395916200E80D6E /* Assets.xcassets */,
				5051575C2395916200E80D6E /* Info.plist */,
				505157592395916200E80D6E /* LaunchScreen.storyboard */,
				50515783239592DC00E80D6E /* Main */,
				847CF10B23982BA900C4700D /* Service */,
				C3D79D67C641EA1381CD4916 /* Modules */,
			);
			path = OpenTrivia;
			sourceTree = "<group>";
		};
		505157642395916200E80D6E /* OpenTriviaTests */ = {
			isa = PBXGroup;
			children = (
				505157652395916200E80D6E /* OpenTriviaTests.swift */,
				505157672395916200E80D6E /* Info.plist */,
				56B3295B7EC7BDF0C28E3F98 /* Category */,
			);
			path = OpenTriviaTests;
			sourceTree = "<group>";
		};
		5051576F2395916200E80D6E /* OpenTriviaUITests */ = {
			isa = PBXGroup;
			children = (
				505157702395916200E80D6E /* OpenTriviaUITests.swift */,
				505157722395916200E80D6E /* Info.plist */,
			);
			path = OpenTriviaUITests;
			sourceTree = "<group>";
		};
		5051577E2395922400E80D6E /* Application */ = {
			isa = PBXGroup;
			children = (
				505157802395924100E80D6E /* Contract */,
				5051577F2395923500E80D6E /* Root */,
			);
			path = Application;
			sourceTree = "<group>";
		};
		5051577F2395923500E80D6E /* Root */ = {
			isa = PBXGroup;
			children = (
				5051574E2395915F00E80D6E /* AppDelegate.swift */,
				5045D874239704C1003C28A9 /* SceneDelegate.swift */,
			);
			path = Root;
			sourceTree = "<group>";
		};
		505157802395924100E80D6E /* Contract */ = {
			isa = PBXGroup;
			children = (
				505157812395925B00E80D6E /* ApplicationContract.swift */,
			);
			path = Contract;
			sourceTree = "<group>";
		};
		50515783239592DC00E80D6E /* Main */ = {
			isa = PBXGroup;
			children = (
				505157942395958200E80D6E /* Networklayer */,
				5051578D239594AB00E80D6E /* Extension */,
				5051578A2395934600E80D6E /* Constants */,
				50515785239592FC00E80D6E /* Base */,
				50515784239592EB00E80D6E /* Helper */,
			);
			path = Main;
			sourceTree = "<group>";
		};
		50515784239592EB00E80D6E /* Helper */ = {
			isa = PBXGroup;
			children = (
			);
			path = Helper;
			sourceTree = "<group>";
		};
		50515785239592FC00E80D6E /* Base */ = {
			isa = PBXGroup;
			children = (
				505157862395931400E80D6E /* BaseViewController.swift */,
				505157882395933100E80D6E /* BaseButton.swift */,
			);
			path = Base;
			sourceTree = "<group>";
		};
		5051578A2395934600E80D6E /* Constants */ = {
			isa = PBXGroup;
			children = (
				5051578B2395936B00E80D6E /* Environment.swift */,
			);
			path = Constants;
			sourceTree = "<group>";
		};
		5051578D239594AB00E80D6E /* Extension */ = {
			isa = PBXGroup;
			children = (
				5051578E239594C000E80D6E /* UIViewController.swift */,
				50515790239594DA00E80D6E /* UIView.swift */,
				50515792239594ED00E80D6E /* UITableView.swift */,
				847CF101239810C800C4700D /* UITableViewCell.swift */,
				847CF11223997A1400C4700D /* String.swift */,
				847CF11423997CCE00C4700D /* MDCButton.swift */,
			);
			path = Extension;
			sourceTree = "<group>";
		};
		505157942395958200E80D6E /* Networklayer */ = {
			isa = PBXGroup;
			children = (
				504B1FBE2395ABF300372D17 /* APIClient.swift */,
				504B1FC02395AC1E00372D17 /* APIRouter.swift */,
				504B1FC22395AE0700372D17 /* ResponseSerializer.swift */,
			);
			path = Networklayer;
			sourceTree = "<group>";
		};
		56B3295B7EC7BDF0C28E3F98 /* Category */ = {
			isa = PBXGroup;
			children = (
				865BF5195E576A44BDE7DE86 /* Configurator */,
				29D73A63CD90F8DACEF05396 /* View */,
				1F99B198FC1FAD489642F471 /* Interactor */,
				378DB12FA81595FA16B51795 /* Presenter */,
				D1C024D5F292E83DF069E1F2 /* Router */,
			);
			path = Category;
			sourceTree = "<group>";
		};
		847CF10B23982BA900C4700D /* Service */ = {
			isa = PBXGroup;
			children = (
				847CF10C23982BD600C4700D /* QuestionsService.swift */,
			);
			path = Service;
			sourceTree = "<group>";
		};
		865BF5195E576A44BDE7DE86 /* Configurator */ = {
			isa = PBXGroup;
			children = (
				EA594C1E7E2FA39C35A75502 /* CategoryConfiguratorTests.swift */,
			);
			path = Configurator;
			sourceTree = "<group>";
		};
		8DC3F8F5A33CCDF01F0F1A60 /* View */ = {
			isa = PBXGroup;
			children = (
				C42B0742F173AEE82AF94D1B /* GameViewInput.swift */,
				108D1676FDE0DD72A6D1C511 /* GameViewOutput.swift */,
				0766B61926AA903524273C21 /* GameViewController.swift */,
				847CF10E239836EE00C4700D /* GameResultViewController.swift */,
				847CF11023983F5E00C4700D /* WelcomeViewController.swift */,
				847CF0FD2398090A00C4700D /* GameViewModel.swift */,
				847CF1032398115500C4700D /* PlayersInfoCell.swift */,
				847CF0F5239802B100C4700D /* QuestionCell.swift */,
				847CF1072398127600C4700D /* AnswerCell.swift */,
				847CF1042398115500C4700D /* PlayersInfoCell.xib */,
				847CF0F6239802B100C4700D /* QuestionCell.xib */,
				847CF1082398127600C4700D /* AnswerCell.xib */,
			);
			path = View;
			sourceTree = "<group>";
		};
		C3D79D67C641EA1381CD4916 /* Modules */ = {
			isa = PBXGroup;
			children = (
				50B4271423985446006C2F3E /* Game.storyboard */,
				057A8102ECDD04A2E6004BD0 /* Game */,
			);
			path = Modules;
			sourceTree = "<group>";
		};
		D1C024D5F292E83DF069E1F2 /* Router */ = {
			isa = PBXGroup;
			children = (
				BE1C1AA941F1F806DF074A91 /* CategoryRouterTests.swift */,
			);
			path = Router;
			sourceTree = "<group>";
		};
		F5D6F1D5F5FFD79D731F674D /* Configurator */ = {
			isa = PBXGroup;
			children = (
				3683C0D13760F1CD327E7A78 /* CategoryConfigurator.swift */,
				013C7354B62BE800288BD299 /* CategoryInitializer.swift */,
			);
			path = Configurator;
			sourceTree = "<group>";
		};
/* End PBXGroup section */

/* Begin PBXNativeTarget section */
		5051574A2395915F00E80D6E /* OpenTrivia */ = {
			isa = PBXNativeTarget;
			buildConfigurationList = 505157752395916200E80D6E /* Build configuration list for PBXNativeTarget "OpenTrivia" */;
			buildPhases = (
				D8EC3CAC841D7F471763CE82 /* [CP] Check Pods Manifest.lock */,
				505157472395915F00E80D6E /* Sources */,
				505157482395915F00E80D6E /* Frameworks */,
				505157492395915F00E80D6E /* Resources */,
				7DC856BBC6E2ABDFCC6826A6 /* [CP] Embed Pods Frameworks */,
			);
			buildRules = (
			);
			dependencies = (
			);
			name = OpenTrivia;
			productName = OpenTrivia;
			productReference = 5051574B2395915F00E80D6E /* OpenTrivia.app */;
			productType = "com.apple.product-type.application";
		};
		505157602395916200E80D6E /* OpenTriviaTests */ = {
			isa = PBXNativeTarget;
			buildConfigurationList = 505157782395916200E80D6E /* Build configuration list for PBXNativeTarget "OpenTriviaTests" */;
			buildPhases = (
				4768A2E2A6D24B63AA9D3B49 /* [CP] Check Pods Manifest.lock */,
				5051575D2395916200E80D6E /* Sources */,
				5051575E2395916200E80D6E /* Frameworks */,
				5051575F2395916200E80D6E /* Resources */,
			);
			buildRules = (
			);
			dependencies = (
				505157632395916200E80D6E /* PBXTargetDependency */,
			);
			name = OpenTriviaTests;
			productName = OpenTriviaTests;
			productReference = 505157612395916200E80D6E /* OpenTriviaTests.xctest */;
			productType = "com.apple.product-type.bundle.unit-test";
		};
		5051576B2395916200E80D6E /* OpenTriviaUITests */ = {
			isa = PBXNativeTarget;
			buildConfigurationList = 5051577B2395916200E80D6E /* Build configuration list for PBXNativeTarget "OpenTriviaUITests" */;
			buildPhases = (
				63136B0AA7982ADFC9531725 /* [CP] Check Pods Manifest.lock */,
				505157682395916200E80D6E /* Sources */,
				505157692395916200E80D6E /* Frameworks */,
				5051576A2395916200E80D6E /* Resources */,
				63E20A504CF5F1C22FD83BC9 /* [CP] Embed Pods Frameworks */,
			);
			buildRules = (
			);
			dependencies = (
				5051576E2395916200E80D6E /* PBXTargetDependency */,
			);
			name = OpenTriviaUITests;
			productName = OpenTriviaUITests;
			productReference = 5051576C2395916200E80D6E /* OpenTriviaUITests.xctest */;
			productType = "com.apple.product-type.bundle.ui-testing";
		};
/* End PBXNativeTarget section */

/* Begin PBXProject section */
		505157432395915F00E80D6E /* Project object */ = {
			isa = PBXProject;
			attributes = {
				LastSwiftUpdateCheck = 1110;
				LastUpgradeCheck = 1110;
				ORGANIZATIONNAME = "Nexo Soluciones";
				TargetAttributes = {
					5051574A2395915F00E80D6E = {
						CreatedOnToolsVersion = 11.1;
					};
					505157602395916200E80D6E = {
						CreatedOnToolsVersion = 11.1;
						TestTargetID = 5051574A2395915F00E80D6E;
					};
					5051576B2395916200E80D6E = {
						CreatedOnToolsVersion = 11.1;
						TestTargetID = 5051574A2395915F00E80D6E;
					};
				};
			};
			buildConfigurationList = 505157462395915F00E80D6E /* Build configuration list for PBXProject "OpenTrivia" */;
			compatibilityVersion = "Xcode 9.3";
			developmentRegion = en;
			hasScannedForEncodings = 0;
			knownRegions = (
				en,
				Base,
			);
			mainGroup = 505157422395915F00E80D6E;
			productRefGroup = 5051574C2395915F00E80D6E /* Products */;
			projectDirPath = "";
			projectRoot = "";
			targets = (
				5051574A2395915F00E80D6E /* OpenTrivia */,
				505157602395916200E80D6E /* OpenTriviaTests */,
				5051576B2395916200E80D6E /* OpenTriviaUITests */,
			);
		};
/* End PBXProject section */

/* Begin PBXResourcesBuildPhase section */
		505157492395915F00E80D6E /* Resources */ = {
			isa = PBXResourcesBuildPhase;
			buildActionMask = 2147483647;
			files = (
				5051575B2395916200E80D6E /* LaunchScreen.storyboard in Resources */,
				847CF0F8239802B100C4700D /* QuestionCell.xib in Resources */,
				50B4271523985446006C2F3E /* Game.storyboard in Resources */,
				847CF10A2398127600C4700D /* AnswerCell.xib in Resources */,
				504B1FC72395B4D200372D17 /* README.md in Resources */,
				847CF1062398115500C4700D /* PlayersInfoCell.xib in Resources */,
				505157582395916200E80D6E /* Assets.xcassets in Resources */,
			);
			runOnlyForDeploymentPostprocessing = 0;
		};
		5051575F2395916200E80D6E /* Resources */ = {
			isa = PBXResourcesBuildPhase;
			buildActionMask = 2147483647;
			files = (
			);
			runOnlyForDeploymentPostprocessing = 0;
		};
		5051576A2395916200E80D6E /* Resources */ = {
			isa = PBXResourcesBuildPhase;
			buildActionMask = 2147483647;
			files = (
			);
			runOnlyForDeploymentPostprocessing = 0;
		};
/* End PBXResourcesBuildPhase section */

/* Begin PBXShellScriptBuildPhase section */
		4768A2E2A6D24B63AA9D3B49 /* [CP] Check Pods Manifest.lock */ = {
			isa = PBXShellScriptBuildPhase;
			buildActionMask = 2147483647;
			files = (
			);
			inputFileListPaths = (
			);
			inputPaths = (
				"${PODS_PODFILE_DIR_PATH}/Podfile.lock",
				"${PODS_ROOT}/Manifest.lock",
			);
			name = "[CP] Check Pods Manifest.lock";
			outputFileListPaths = (
			);
			outputPaths = (
				"$(DERIVED_FILE_DIR)/Pods-OpenTriviaTests-checkManifestLockResult.txt",
			);
			runOnlyForDeploymentPostprocessing = 0;
			shellPath = /bin/sh;
			shellScript = "diff \"${PODS_PODFILE_DIR_PATH}/Podfile.lock\" \"${PODS_ROOT}/Manifest.lock\" > /dev/null\nif [ $? != 0 ] ; then\n    # print error to STDERR\n    echo \"error: The sandbox is not in sync with the Podfile.lock. Run 'pod install' or update your CocoaPods installation.\" >&2\n    exit 1\nfi\n# This output is used by Xcode 'outputs' to avoid re-running this script phase.\necho \"SUCCESS\" > \"${SCRIPT_OUTPUT_FILE_0}\"\n";
			showEnvVarsInLog = 0;
		};
		63136B0AA7982ADFC9531725 /* [CP] Check Pods Manifest.lock */ = {
			isa = PBXShellScriptBuildPhase;
			buildActionMask = 2147483647;
			files = (
			);
			inputFileListPaths = (
			);
			inputPaths = (
				"${PODS_PODFILE_DIR_PATH}/Podfile.lock",
				"${PODS_ROOT}/Manifest.lock",
			);
			name = "[CP] Check Pods Manifest.lock";
			outputFileListPaths = (
			);
			outputPaths = (
				"$(DERIVED_FILE_DIR)/Pods-OpenTrivia-OpenTriviaUITests-checkManifestLockResult.txt",
			);
			runOnlyForDeploymentPostprocessing = 0;
			shellPath = /bin/sh;
			shellScript = "diff \"${PODS_PODFILE_DIR_PATH}/Podfile.lock\" \"${PODS_ROOT}/Manifest.lock\" > /dev/null\nif [ $? != 0 ] ; then\n    # print error to STDERR\n    echo \"error: The sandbox is not in sync with the Podfile.lock. Run 'pod install' or update your CocoaPods installation.\" >&2\n    exit 1\nfi\n# This output is used by Xcode 'outputs' to avoid re-running this script phase.\necho \"SUCCESS\" > \"${SCRIPT_OUTPUT_FILE_0}\"\n";
			showEnvVarsInLog = 0;
		};
		63E20A504CF5F1C22FD83BC9 /* [CP] Embed Pods Frameworks */ = {
			isa = PBXShellScriptBuildPhase;
			buildActionMask = 2147483647;
			files = (
			);
			inputFileListPaths = (
				"${PODS_ROOT}/Target Support Files/Pods-OpenTrivia-OpenTriviaUITests/Pods-OpenTrivia-OpenTriviaUITests-frameworks-${CONFIGURATION}-input-files.xcfilelist",
			);
			name = "[CP] Embed Pods Frameworks";
			outputFileListPaths = (
				"${PODS_ROOT}/Target Support Files/Pods-OpenTrivia-OpenTriviaUITests/Pods-OpenTrivia-OpenTriviaUITests-frameworks-${CONFIGURATION}-output-files.xcfilelist",
			);
			runOnlyForDeploymentPostprocessing = 0;
			shellPath = /bin/sh;
			shellScript = "\"${PODS_ROOT}/Target Support Files/Pods-OpenTrivia-OpenTriviaUITests/Pods-OpenTrivia-OpenTriviaUITests-frameworks.sh\"\n";
			showEnvVarsInLog = 0;
		};
		7DC856BBC6E2ABDFCC6826A6 /* [CP] Embed Pods Frameworks */ = {
			isa = PBXShellScriptBuildPhase;
			buildActionMask = 2147483647;
			files = (
			);
			inputFileListPaths = (
				"${PODS_ROOT}/Target Support Files/Pods-OpenTrivia/Pods-OpenTrivia-frameworks-${CONFIGURATION}-input-files.xcfilelist",
			);
			name = "[CP] Embed Pods Frameworks";
			outputFileListPaths = (
				"${PODS_ROOT}/Target Support Files/Pods-OpenTrivia/Pods-OpenTrivia-frameworks-${CONFIGURATION}-output-files.xcfilelist",
			);
			runOnlyForDeploymentPostprocessing = 0;
			shellPath = /bin/sh;
			shellScript = "\"${PODS_ROOT}/Target Support Files/Pods-OpenTrivia/Pods-OpenTrivia-frameworks.sh\"\n";
			showEnvVarsInLog = 0;
		};
		D8EC3CAC841D7F471763CE82 /* [CP] Check Pods Manifest.lock */ = {
			isa = PBXShellScriptBuildPhase;
			buildActionMask = 2147483647;
			files = (
			);
			inputFileListPaths = (
			);
			inputPaths = (
				"${PODS_PODFILE_DIR_PATH}/Podfile.lock",
				"${PODS_ROOT}/Manifest.lock",
			);
			name = "[CP] Check Pods Manifest.lock";
			outputFileListPaths = (
			);
			outputPaths = (
				"$(DERIVED_FILE_DIR)/Pods-OpenTrivia-checkManifestLockResult.txt",
			);
			runOnlyForDeploymentPostprocessing = 0;
			shellPath = /bin/sh;
			shellScript = "diff \"${PODS_PODFILE_DIR_PATH}/Podfile.lock\" \"${PODS_ROOT}/Manifest.lock\" > /dev/null\nif [ $? != 0 ] ; then\n    # print error to STDERR\n    echo \"error: The sandbox is not in sync with the Podfile.lock. Run 'pod install' or update your CocoaPods installation.\" >&2\n    exit 1\nfi\n# This output is used by Xcode 'outputs' to avoid re-running this script phase.\necho \"SUCCESS\" > \"${SCRIPT_OUTPUT_FILE_0}\"\n";
			showEnvVarsInLog = 0;
		};
/* End PBXShellScriptBuildPhase section */

/* Begin PBXSourcesBuildPhase section */
		505157472395915F00E80D6E /* Sources */ = {
			isa = PBXSourcesBuildPhase;
			buildActionMask = 2147483647;
			files = (
				505157872395931400E80D6E /* BaseViewController.swift in Sources */,
				504B1FC32395AE0700372D17 /* ResponseSerializer.swift in Sources */,
				5051574F2395915F00E80D6E /* AppDelegate.swift in Sources */,
				847CF1092398127600C4700D /* AnswerCell.swift in Sources */,
				847CF0FE2398090A00C4700D /* GameViewModel.swift in Sources */,
				5051578C2395936B00E80D6E /* Environment.swift in Sources */,
				505157822395925B00E80D6E /* ApplicationContract.swift in Sources */,
				847CF0FC2398044000C4700D /* Question.swift in Sources */,
				505157892395933100E80D6E /* BaseButton.swift in Sources */,
				847CF11123983F5E00C4700D /* WelcomeViewController.swift in Sources */,
				5051578F239594C000E80D6E /* UIViewController.swift in Sources */,
				50515793239594ED00E80D6E /* UITableView.swift in Sources */,
				50515791239594DA00E80D6E /* UIView.swift in Sources */,
				847CF0FA239803E800C4700D /* QuestionResponse.swift in Sources */,
				847CF10D23982BD600C4700D /* QuestionsService.swift in Sources */,
				847CF10023980D7C00C4700D /* PlayersInfo.swift in Sources */,
				47BC85237A69C7014ADD84C8 /* GameViewInput.swift in Sources */,
				BA68F115A1885BB1B07C5DC0 /* GameViewOutput.swift in Sources */,
				847CF102239810C800C4700D /* UITableViewCell.swift in Sources */,
				847CF0F7239802B100C4700D /* QuestionCell.swift in Sources */,
				47F9E1962E1E844CAE134115 /* GameViewController.swift in Sources */,
				5045D8372396F78F003C28A9 /* CategoryResponseModel.swift in Sources */,
				504B1FC12395AC1E00372D17 /* APIRouter.swift in Sources */,
				318123CD88D90080D4117BD5 /* GameModuleInput.swift in Sources */,
				A90E1A407F997265E9F2BB38 /* GamePresenter.swift in Sources */,
				70C4C6C66823B6537D0D31DF /* GameInteractorInput.swift in Sources */,
				847CF10F239836EE00C4700D /* GameResultViewController.swift in Sources */,
				847CF11323997A1500C4700D /* String.swift in Sources */,
				39911A9E1D494DA8BDFDB0E1 /* GameInteractorOutput.swift in Sources */,
				2A9D7A91CC9FC65EFA51C270 /* GameInteractor.swift in Sources */,
				4C89DF8BB43743A77C15A14D /* GameRouterInput.swift in Sources */,
				5045D875239704C1003C28A9 /* SceneDelegate.swift in Sources */,
				47CFC3E8DCD9748865C6719D /* GameRouter.swift in Sources */,
				847CF1052398115500C4700D /* PlayersInfoCell.swift in Sources */,
				15405EB78F67C53150686E29 /* CategoryConfigurator.swift in Sources */,
				504B1FBF2395ABF300372D17 /* APIClient.swift in Sources */,
				847CF11523997CCE00C4700D /* MDCButton.swift in Sources */,
				F9FB10D2922526C7CB3088F0 /* CategoryInitializer.swift in Sources */,
			);
			runOnlyForDeploymentPostprocessing = 0;
		};
		5051575D2395916200E80D6E /* Sources */ = {
			isa = PBXSourcesBuildPhase;
			buildActionMask = 2147483647;
			files = (
				505157662395916200E80D6E /* OpenTriviaTests.swift in Sources */,
				5656D5A71B2B875BECDD2D01 /* CategoryConfiguratorTests.swift in Sources */,
				7A75363985866D51508B1544 /* CategoryViewTests.swift in Sources */,
				87BC200BA17C9339BE83DA3A /* CategoryInteractorTests.swift in Sources */,
				4D44CDB94BD90B94B0CEF88D /* CategoryPresenterTests.swift in Sources */,
				6FB39875FE12E2184DBFA8EE /* CategoryRouterTests.swift in Sources */,
			);
			runOnlyForDeploymentPostprocessing = 0;
		};
		505157682395916200E80D6E /* Sources */ = {
			isa = PBXSourcesBuildPhase;
			buildActionMask = 2147483647;
			files = (
				505157712395916200E80D6E /* OpenTriviaUITests.swift in Sources */,
			);
			runOnlyForDeploymentPostprocessing = 0;
		};
/* End PBXSourcesBuildPhase section */

/* Begin PBXTargetDependency section */
		505157632395916200E80D6E /* PBXTargetDependency */ = {
			isa = PBXTargetDependency;
			target = 5051574A2395915F00E80D6E /* OpenTrivia */;
			targetProxy = 505157622395916200E80D6E /* PBXContainerItemProxy */;
		};
		5051576E2395916200E80D6E /* PBXTargetDependency */ = {
			isa = PBXTargetDependency;
			target = 5051574A2395915F00E80D6E /* OpenTrivia */;
			targetProxy = 5051576D2395916200E80D6E /* PBXContainerItemProxy */;
		};
/* End PBXTargetDependency section */

/* Begin PBXVariantGroup section */
		505157592395916200E80D6E /* LaunchScreen.storyboard */ = {
			isa = PBXVariantGroup;
			children = (
				5051575A2395916200E80D6E /* Base */,
			);
			name = LaunchScreen.storyboard;
			sourceTree = "<group>";
		};
/* End PBXVariantGroup section */

/* Begin XCBuildConfiguration section */
		505157732395916200E80D6E /* Debug */ = {
			isa = XCBuildConfiguration;
			buildSettings = {
				ALWAYS_SEARCH_USER_PATHS = NO;
				CLANG_ANALYZER_NONNULL = YES;
				CLANG_ANALYZER_NUMBER_OBJECT_CONVERSION = YES_AGGRESSIVE;
				CLANG_CXX_LANGUAGE_STANDARD = "gnu++14";
				CLANG_CXX_LIBRARY = "libc++";
				CLANG_ENABLE_MODULES = YES;
				CLANG_ENABLE_OBJC_ARC = YES;
				CLANG_ENABLE_OBJC_WEAK = YES;
				CLANG_WARN_BLOCK_CAPTURE_AUTORELEASING = YES;
				CLANG_WARN_BOOL_CONVERSION = YES;
				CLANG_WARN_COMMA = YES;
				CLANG_WARN_CONSTANT_CONVERSION = YES;
				CLANG_WARN_DEPRECATED_OBJC_IMPLEMENTATIONS = YES;
				CLANG_WARN_DIRECT_OBJC_ISA_USAGE = YES_ERROR;
				CLANG_WARN_DOCUMENTATION_COMMENTS = YES;
				CLANG_WARN_EMPTY_BODY = YES;
				CLANG_WARN_ENUM_CONVERSION = YES;
				CLANG_WARN_INFINITE_RECURSION = YES;
				CLANG_WARN_INT_CONVERSION = YES;
				CLANG_WARN_NON_LITERAL_NULL_CONVERSION = YES;
				CLANG_WARN_OBJC_IMPLICIT_RETAIN_SELF = YES;
				CLANG_WARN_OBJC_LITERAL_CONVERSION = YES;
				CLANG_WARN_OBJC_ROOT_CLASS = YES_ERROR;
				CLANG_WARN_RANGE_LOOP_ANALYSIS = YES;
				CLANG_WARN_STRICT_PROTOTYPES = YES;
				CLANG_WARN_SUSPICIOUS_MOVE = YES;
				CLANG_WARN_UNGUARDED_AVAILABILITY = YES_AGGRESSIVE;
				CLANG_WARN_UNREACHABLE_CODE = YES;
				CLANG_WARN__DUPLICATE_METHOD_MATCH = YES;
				COPY_PHASE_STRIP = NO;
				DEBUG_INFORMATION_FORMAT = dwarf;
				ENABLE_STRICT_OBJC_MSGSEND = YES;
				ENABLE_TESTABILITY = YES;
				GCC_C_LANGUAGE_STANDARD = gnu11;
				GCC_DYNAMIC_NO_PIC = NO;
				GCC_NO_COMMON_BLOCKS = YES;
				GCC_OPTIMIZATION_LEVEL = 0;
				GCC_PREPROCESSOR_DEFINITIONS = (
					"DEBUG=1",
					"$(inherited)",
				);
				GCC_WARN_64_TO_32_BIT_CONVERSION = YES;
				GCC_WARN_ABOUT_RETURN_TYPE = YES_ERROR;
				GCC_WARN_UNDECLARED_SELECTOR = YES;
				GCC_WARN_UNINITIALIZED_AUTOS = YES_AGGRESSIVE;
				GCC_WARN_UNUSED_FUNCTION = YES;
				GCC_WARN_UNUSED_VARIABLE = YES;
				IPHONEOS_DEPLOYMENT_TARGET = 11.0;
				MTL_ENABLE_DEBUG_INFO = INCLUDE_SOURCE;
				MTL_FAST_MATH = YES;
				ONLY_ACTIVE_ARCH = YES;
				SDKROOT = iphoneos;
				SWIFT_ACTIVE_COMPILATION_CONDITIONS = DEBUG;
				SWIFT_OPTIMIZATION_LEVEL = "-Onone";
			};
			name = Debug;
		};
		505157742395916200E80D6E /* Release */ = {
			isa = XCBuildConfiguration;
			buildSettings = {
				ALWAYS_SEARCH_USER_PATHS = NO;
				CLANG_ANALYZER_NONNULL = YES;
				CLANG_ANALYZER_NUMBER_OBJECT_CONVERSION = YES_AGGRESSIVE;
				CLANG_CXX_LANGUAGE_STANDARD = "gnu++14";
				CLANG_CXX_LIBRARY = "libc++";
				CLANG_ENABLE_MODULES = YES;
				CLANG_ENABLE_OBJC_ARC = YES;
				CLANG_ENABLE_OBJC_WEAK = YES;
				CLANG_WARN_BLOCK_CAPTURE_AUTORELEASING = YES;
				CLANG_WARN_BOOL_CONVERSION = YES;
				CLANG_WARN_COMMA = YES;
				CLANG_WARN_CONSTANT_CONVERSION = YES;
				CLANG_WARN_DEPRECATED_OBJC_IMPLEMENTATIONS = YES;
				CLANG_WARN_DIRECT_OBJC_ISA_USAGE = YES_ERROR;
				CLANG_WARN_DOCUMENTATION_COMMENTS = YES;
				CLANG_WARN_EMPTY_BODY = YES;
				CLANG_WARN_ENUM_CONVERSION = YES;
				CLANG_WARN_INFINITE_RECURSION = YES;
				CLANG_WARN_INT_CONVERSION = YES;
				CLANG_WARN_NON_LITERAL_NULL_CONVERSION = YES;
				CLANG_WARN_OBJC_IMPLICIT_RETAIN_SELF = YES;
				CLANG_WARN_OBJC_LITERAL_CONVERSION = YES;
				CLANG_WARN_OBJC_ROOT_CLASS = YES_ERROR;
				CLANG_WARN_RANGE_LOOP_ANALYSIS = YES;
				CLANG_WARN_STRICT_PROTOTYPES = YES;
				CLANG_WARN_SUSPICIOUS_MOVE = YES;
				CLANG_WARN_UNGUARDED_AVAILABILITY = YES_AGGRESSIVE;
				CLANG_WARN_UNREACHABLE_CODE = YES;
				CLANG_WARN__DUPLICATE_METHOD_MATCH = YES;
				COPY_PHASE_STRIP = NO;
				DEBUG_INFORMATION_FORMAT = "dwarf-with-dsym";
				ENABLE_NS_ASSERTIONS = NO;
				ENABLE_STRICT_OBJC_MSGSEND = YES;
				GCC_C_LANGUAGE_STANDARD = gnu11;
				GCC_NO_COMMON_BLOCKS = YES;
				GCC_WARN_64_TO_32_BIT_CONVERSION = YES;
				GCC_WARN_ABOUT_RETURN_TYPE = YES_ERROR;
				GCC_WARN_UNDECLARED_SELECTOR = YES;
				GCC_WARN_UNINITIALIZED_AUTOS = YES_AGGRESSIVE;
				GCC_WARN_UNUSED_FUNCTION = YES;
				GCC_WARN_UNUSED_VARIABLE = YES;
				IPHONEOS_DEPLOYMENT_TARGET = 11.0;
				MTL_ENABLE_DEBUG_INFO = NO;
				MTL_FAST_MATH = YES;
				SDKROOT = iphoneos;
				SWIFT_COMPILATION_MODE = wholemodule;
				SWIFT_OPTIMIZATION_LEVEL = "-O";
				VALIDATE_PRODUCT = YES;
			};
			name = Release;
		};
		505157762395916200E80D6E /* Debug */ = {
			isa = XCBuildConfiguration;
			baseConfigurationReference = 861AA82D4471D414C62F24F9 /* Pods-OpenTrivia.debug.xcconfig */;
			buildSettings = {
				ALWAYS_EMBED_SWIFT_STANDARD_LIBRARIES = YES;
				ASSETCATALOG_COMPILER_APPICON_NAME = AppIcon;
				CODE_SIGN_STYLE = Automatic;
				DEVELOPMENT_TEAM = 25Z97PX6G6;
				INFOPLIST_FILE = OpenTrivia/Info.plist;
				LD_RUNPATH_SEARCH_PATHS = (
					"$(inherited)",
					"@executable_path/Frameworks",
				);
				PRODUCT_BUNDLE_IDENTIFIER = com.nexosoluciones.OpenTrivia;
				PRODUCT_NAME = "$(TARGET_NAME)";
				SWIFT_VERSION = 5.0;
				TARGETED_DEVICE_FAMILY = 1;
			};
			name = Debug;
		};
		505157772395916200E80D6E /* Release */ = {
			isa = XCBuildConfiguration;
			baseConfigurationReference = 31D61E860068089747C5B450 /* Pods-OpenTrivia.release.xcconfig */;
			buildSettings = {
				ALWAYS_EMBED_SWIFT_STANDARD_LIBRARIES = YES;
				ASSETCATALOG_COMPILER_APPICON_NAME = AppIcon;
				CODE_SIGN_STYLE = Automatic;
				DEVELOPMENT_TEAM = 25Z97PX6G6;
				INFOPLIST_FILE = OpenTrivia/Info.plist;
				LD_RUNPATH_SEARCH_PATHS = (
					"$(inherited)",
					"@executable_path/Frameworks",
				);
				PRODUCT_BUNDLE_IDENTIFIER = com.nexosoluciones.OpenTrivia;
				PRODUCT_NAME = "$(TARGET_NAME)";
				SWIFT_VERSION = 5.0;
				TARGETED_DEVICE_FAMILY = 1;
			};
			name = Release;
		};
		505157792395916200E80D6E /* Debug */ = {
			isa = XCBuildConfiguration;
			baseConfigurationReference = DA44A4F4C06A4428D84341FA /* Pods-OpenTriviaTests.debug.xcconfig */;
			buildSettings = {
				ALWAYS_EMBED_SWIFT_STANDARD_LIBRARIES = NO;
				BUNDLE_LOADER = "$(TEST_HOST)";
				CODE_SIGN_STYLE = Automatic;
				DEVELOPMENT_TEAM = 25Z97PX6G6;
				INFOPLIST_FILE = OpenTriviaTests/Info.plist;
				IPHONEOS_DEPLOYMENT_TARGET = 13.1;
				LD_RUNPATH_SEARCH_PATHS = (
					"$(inherited)",
					"@executable_path/Frameworks",
					"@loader_path/Frameworks",
				);
				PRODUCT_BUNDLE_IDENTIFIER = com.nexosoluciones..OpenTriviaTests;
				PRODUCT_NAME = "$(TARGET_NAME)";
				SWIFT_VERSION = 5.0;
				TARGETED_DEVICE_FAMILY = "1,2";
				TEST_HOST = "$(BUILT_PRODUCTS_DIR)/OpenTrivia.app/OpenTrivia";
			};
			name = Debug;
		};
		5051577A2395916200E80D6E /* Release */ = {
			isa = XCBuildConfiguration;
			baseConfigurationReference = 1AB7B8FC836C99AD6E4717C7 /* Pods-OpenTriviaTests.release.xcconfig */;
			buildSettings = {
				ALWAYS_EMBED_SWIFT_STANDARD_LIBRARIES = NO;
				BUNDLE_LOADER = "$(TEST_HOST)";
				CODE_SIGN_STYLE = Automatic;
				DEVELOPMENT_TEAM = 25Z97PX6G6;
				INFOPLIST_FILE = OpenTriviaTests/Info.plist;
				IPHONEOS_DEPLOYMENT_TARGET = 13.1;
				LD_RUNPATH_SEARCH_PATHS = (
					"$(inherited)",
					"@executable_path/Frameworks",
					"@loader_path/Frameworks",
				);
				PRODUCT_BUNDLE_IDENTIFIER = com.nexosoluciones..OpenTriviaTests;
				PRODUCT_NAME = "$(TARGET_NAME)";
				SWIFT_VERSION = 5.0;
				TARGETED_DEVICE_FAMILY = "1,2";
				TEST_HOST = "$(BUILT_PRODUCTS_DIR)/OpenTrivia.app/OpenTrivia";
			};
			name = Release;
		};
		5051577C2395916200E80D6E /* Debug */ = {
			isa = XCBuildConfiguration;
			baseConfigurationReference = B7A148618C85DC5F0A8066B2 /* Pods-OpenTrivia-OpenTriviaUITests.debug.xcconfig */;
			buildSettings = {
				ALWAYS_EMBED_SWIFT_STANDARD_LIBRARIES = NO;
				CODE_SIGN_STYLE = Automatic;
				DEVELOPMENT_TEAM = 25Z97PX6G6;
				INFOPLIST_FILE = OpenTriviaUITests/Info.plist;
				LD_RUNPATH_SEARCH_PATHS = (
					"$(inherited)",
					"@executable_path/Frameworks",
					"@loader_path/Frameworks",
				);
				PRODUCT_BUNDLE_IDENTIFIER = com.nexosoluciones..OpenTriviaUITests;
				PRODUCT_NAME = "$(TARGET_NAME)";
				SWIFT_VERSION = 5.0;
				TARGETED_DEVICE_FAMILY = "1,2";
				TEST_TARGET_NAME = OpenTrivia;
			};
			name = Debug;
		};
		5051577D2395916200E80D6E /* Release */ = {
			isa = XCBuildConfiguration;
			baseConfigurationReference = 411191384767B1FCEE3CECD6 /* Pods-OpenTrivia-OpenTriviaUITests.release.xcconfig */;
			buildSettings = {
				ALWAYS_EMBED_SWIFT_STANDARD_LIBRARIES = NO;
				CODE_SIGN_STYLE = Automatic;
				DEVELOPMENT_TEAM = 25Z97PX6G6;
				INFOPLIST_FILE = OpenTriviaUITests/Info.plist;
				LD_RUNPATH_SEARCH_PATHS = (
					"$(inherited)",
					"@executable_path/Frameworks",
					"@loader_path/Frameworks",
				);
				PRODUCT_BUNDLE_IDENTIFIER = com.nexosoluciones..OpenTriviaUITests;
				PRODUCT_NAME = "$(TARGET_NAME)";
				SWIFT_VERSION = 5.0;
				TARGETED_DEVICE_FAMILY = "1,2";
				TEST_TARGET_NAME = OpenTrivia;
			};
			name = Release;
		};
/* End XCBuildConfiguration section */

/* Begin XCConfigurationList section */
		505157462395915F00E80D6E /* Build configuration list for PBXProject "OpenTrivia" */ = {
			isa = XCConfigurationList;
			buildConfigurations = (
				505157732395916200E80D6E /* Debug */,
				505157742395916200E80D6E /* Release */,
			);
			defaultConfigurationIsVisible = 0;
			defaultConfigurationName = Release;
		};
		505157752395916200E80D6E /* Build configuration list for PBXNativeTarget "OpenTrivia" */ = {
			isa = XCConfigurationList;
			buildConfigurations = (
				505157762395916200E80D6E /* Debug */,
				505157772395916200E80D6E /* Release */,
			);
			defaultConfigurationIsVisible = 0;
			defaultConfigurationName = Release;
		};
		505157782395916200E80D6E /* Build configuration list for PBXNativeTarget "OpenTriviaTests" */ = {
			isa = XCConfigurationList;
			buildConfigurations = (
				505157792395916200E80D6E /* Debug */,
				5051577A2395916200E80D6E /* Release */,
			);
			defaultConfigurationIsVisible = 0;
			defaultConfigurationName = Release;
		};
		5051577B2395916200E80D6E /* Build configuration list for PBXNativeTarget "OpenTriviaUITests" */ = {
			isa = XCConfigurationList;
			buildConfigurations = (
				5051577C2395916200E80D6E /* Debug */,
				5051577D2395916200E80D6E /* Release */,
			);
			defaultConfigurationIsVisible = 0;
			defaultConfigurationName = Release;
		};
/* End XCConfigurationList section */
	};
	rootObject = 505157432395915F00E80D6E /* Project object */;
}
